{
  "name": "dd104g3",
  "version": "1.0.0",
  "lockfileVersion": 1,
  "requires": true,
  "dependencies": {
    "bootstrap-switch": {
      "version": "3.4.0",
      "resolved": "https://registry.npmjs.org/bootstrap-switch/-/bootstrap-switch-3.4.0.tgz",
      "integrity": "sha512-P4Qdx7mLjqgilKQeeuDCf8AHWeO7992+NFfh0doAA/ExaJqr02QFHhq18GL8EYd2XRviJ16pUUyMRsfOVaPEVg=="
    },
    "date-fns": {
      "version": "2.8.1",
      "resolved": "https://registry.npmjs.org/date-fns/-/date-fns-2.8.1.tgz",
      "integrity": "sha512-EL/C8IHvYRwAHYgFRse4MGAPSqlJVlOrhVYZ75iQBKrnv+ZedmYsgwH3t+BCDuZDXpoo07+q9j4qgSSOa7irJg=="
    },
    "date-format-parse": {
      "version": "0.2.5",
      "resolved": "https://registry.npmjs.org/date-format-parse/-/date-format-parse-0.2.5.tgz",
      "integrity": "sha512-PzvB3p9bTxrGQbz3ZlO/kxgXzKZhMo4l0OQfPqVYjuwixHRS9yHH6cUJI9JG2Hh6iUQgh17T7w95lzQ131dS/g=="
    },
    "lodash": {
      "version": "4.17.15",
      "resolved": "https://registry.npmjs.org/lodash/-/lodash-4.17.15.tgz",
      "integrity": "sha512-8xOcRHvCjnocdS5cpwXQXVzmmh5e5+saE2QGoeQmbKmRS6J3VQppPOIt0MnmE+4xlZoumy0GPG0D0MVIQbNA1A=="
    },
    "popper.js": {
      "version": "1.16.0",
      "resolved": "https://registry.npmjs.org/popper.js/-/popper.js-1.16.0.tgz",
      "integrity": "sha512-+G+EkOPoE5S/zChTpmBSSDYmhXJ5PsW8eMhH8cP/CQHMFPBG/kC9Y5IIw6qNYgdJ+/COf0ddY2li28iHaZRSjw=="
    },
    "v-calendar": {
      "version": "1.0.0-beta.23",
      "resolved": "https://registry.npmjs.org/v-calendar/-/v-calendar-1.0.0-beta.23.tgz",
      "integrity": "sha512-4THp5AU7k6SfoA+J1lTUG/brVPBLU3ib/HxGTS5maxD4WOSAoNSFimqLeu1oveZ8YXAIibnQmm6mBWoRQkd1oQ==",
      "requires": {
        "date-fns": "^2.6.0",
        "lodash": "^4.17.11",
        "popper.js": "^1.14.7"
      }
    },
    "vue": {
      "version": "2.6.11",
      "resolved": "https://registry.npmjs.org/vue/-/vue-2.6.11.tgz",
      "integrity": "sha512-VfPwgcGABbGAue9+sfrD4PuwFar7gPb1yl1UK1MwXoQPAw0BKSqWfoYCT/ThFrdEVWoI51dBuyCoiNU9bZDZxQ=="
    },
    "vue-event-calendar": {
      "version": "1.5.2",
      "resolved": "https://registry.npmjs.org/vue-event-calendar/-/vue-event-calendar-1.5.2.tgz",
      "integrity": "sha512-ZUwTRl46GPOzYNGbtVdEicsw14JPC3YoaUbRf6eryAbomXwMcO0eCInGHDC+yZUWPGzj+trRObhVfTt4ytGFuA==",
      "requires": {
        "vue": "^2.1.8"
      }
    },
    "vue-loading-overlay": {
      "version": "3.2.0",
      "resolved": "https://registry.npmjs.org/vue-loading-overlay/-/vue-loading-overlay-3.2.0.tgz",
      "integrity": "sha512-QBHa+vwcQ3k3oKp4pucP7RHWHSQvgVWFlDFqSaXLu+kCuEv1PZCoerAo1T04enF5y9yMFCqh7L9ChrWHy7HYvA=="
    },
    "vue2-datepicker": {
      "version": "3.3.0",
      "resolved": "https://registry.npmjs.org/vue2-datepicker/-/vue2-datepicker-3.3.0.tgz",
      "integrity": "sha512-o3w+xEuj1lUWt9m03bPZw8MYynnk+nBHWvkFKKVP4L1bbKIMrzZLgQW8E4ysLRz/SwK2rrysUDMSMRcLZtAohw==",
      "requires": {
        "date-fns": "^2.0.1",
        "date-format-parse": "^0.2.5"
      }
    }
  }
}
